
Microsoft Visual Studio Solution File, Format Version 12.00
# Visual Studio Version 17
VisualStudioVersion = 17.4.33213.308
MinimumVisualStudioVersion = 10.0.40219.1
Project("{9A19103F-16F7-4668-BE54-9A1E7A4F7556}") = "Training.MultiTenancy.Data", "src\Training.MultiTenancy.Data\Training.MultiTenancy.Data.csproj", "{8E6F485D-01FF-45BB-92E3-3711E3EF350F}"
EndProject
Project("{9A19103F-16F7-4668-BE54-9A1E7A4F7556}") = "Training.MultiTenancy.Data.Tools", "src\Training.MultiTenancy.Data.Tools\Training.MultiTenancy.Data.Tools.csproj", "{047570BA-2F2E-4991-8A5B-3AB81252E8A4}"
EndProject
Project("{9A19103F-16F7-4668-BE54-9A1E7A4F7556}") = "Training.MultiTenancy.Api", "src\Training.MultiTenancy.Api\Training.MultiTenancy.Api.csproj", "{9DD6E9A4-A329-483E-ABCE-A046FC7C0F47}"
EndProject
Global
	GlobalSection(SolutionConfigurationPlatforms) = preSolution
		Debug|Any CPU = Debug|Any CPU
		Release|Any CPU = Release|Any CPU
	EndGlobalSection
	GlobalSection(ProjectConfigurationPlatforms) = postSolution
		{8E6F485D-01FF-45BB-92E3-3711E3EF350F}.Debug|Any CPU.ActiveCfg = Debug|Any CPU
		{8E6F485D-01FF-45BB-92E3-3711E3EF350F}.Debug|Any CPU.Build.0 = Debug|Any CPU
		{8E6F485D-01FF-45BB-92E3-3711E3EF350F}.Release|Any CPU.ActiveCfg = Release|Any CPU
		{8E6F485D-01FF-45BB-92E3-3711E3EF350F}.Release|Any CPU.Build.0 = Release|Any CPU
		{047570BA-2F2E-4991-8A5B-3AB81252E8A4}.Debug|Any CPU.ActiveCfg = Debug|Any CPU
		{047570BA-2F2E-4991-8A5B-3AB81252E8A4}.Debug|Any CPU.Build.0 = Debug|Any CPU
		{047570BA-2F2E-4991-8A5B-3AB81252E8A4}.Release|Any CPU.ActiveCfg = Release|Any CPU
		{047570BA-2F2E-4991-8A5B-3AB81252E8A4}.Release|Any CPU.Build.0 = Release|Any CPU
		{9DD6E9A4-A329-483E-ABCE-A046FC7C0F47}.Debug|Any CPU.ActiveCfg = Debug|Any CPU
		{9DD6E9A4-A329-483E-ABCE-A046FC7C0F47}.Debug|Any CPU.Build.0 = Debug|Any CPU
		{9DD6E9A4-A329-483E-ABCE-A046FC7C0F47}.Release|Any CPU.ActiveCfg = Release|Any CPU
		{9DD6E9A4-A329-483E-ABCE-A046FC7C0F47}.Release|Any CPU.Build.0 = Release|Any CPU
	EndGlobalSection
	GlobalSection(SolutionProperties) = preSolution
		HideSolutionNode = FALSE
	EndGlobalSection
	GlobalSection(ExtensibilityGlobals) = postSolution
		SolutionGuid = {473E95BF-D45B-460C-A4B5-82E64156ED21}
	EndGlobalSection
EndGlobal
